{
  "name": "personal-command-center",
  "lockfileVersion": 3,
  "requires": true,
  "packages": {
    "": {
      "dependencies": {
        "@manganarrator/contracts": "github:whenigetout/manganarrator_contracts#main",
        "zod": "^4.2.1"
      }
    },
    "node_modules/@manganarrator/contracts": {
      "version": "0.0.1",
      "resolved": "git+ssh://git@github.com/whenigetout/manganarrator_contracts.git#159f02e80e7eedf920c6c2ea4cfc4eefe4cd2fc3"
    },
    "node_modules/zod": {
      "version": "4.2.1",
      "resolved": "https://registry.npmjs.org/zod/-/zod-4.2.1.tgz",
      "integrity": "sha512-0wZ1IRqGGhMP76gLqz8EyfBXKk0J2qo2+H3fi4mcUP/KtTocoX08nmIAHl1Z2kJIZbZee8KOpBCSNPRgauucjw==",
      "license": "MIT",
      "funding": {
        "url": "https://github.com/sponsors/colinhacks"
      }
    }
  }
}
